
Microsoft Visual Studio Solution File, Format Version 12.00
# Visual Studio Version 16
VisualStudioVersion = 16.0.30225.117
MinimumVisualStudioVersion = 10.0.40219.1
Project("{FAE04EC0-301F-11D3-BF4B-00C04F79EFBC}") = "BauMestreCalculator", "BauMestreCalculator\BauMestreCalculator.csproj", "{C72B80D4-38A0-446F-A2C2-EC0DC330CA34}"
EndProject
Global
	GlobalSection(SolutionConfigurationPlatforms) = preSolution
		Debug|Any CPU = Debug|Any CPU
		Release|Any CPU = Release|Any CPU
	EndGlobalSection
	GlobalSection(ProjectConfigurationPlatforms) = postSolution
		{C72B80D4-38A0-446F-A2C2-EC0DC330CA34}.Debug|Any CPU.ActiveCfg = Debug|Any CPU
		{C72B80D4-38A0-446F-A2C2-EC0DC330CA34}.Debug|Any CPU.Build.0 = Debug|Any CPU
		{C72B80D4-38A0-446F-A2C2-EC0DC330CA34}.Release|Any CPU.ActiveCfg = Release|Any CPU
		{C72B80D4-38A0-446F-A2C2-EC0DC330CA34}.Release|Any CPU.Build.0 = Release|Any CPU
	EndGlobalSection
	GlobalSection(SolutionProperties) = preSolution
		HideSolutionNode = FALSE
	EndGlobalSection
	GlobalSection(ExtensibilityGlobals) = postSolution
		SolutionGuid = {9F1A7B02-C127-439A-80C7-89D27D386194}
	EndGlobalSection
EndGlobal
